
Microsoft Visual Studio Solution File, Format Version 12.00
# Visual Studio Version 16
VisualStudioVersion = 16.0.28801.201
MinimumVisualStudioVersion = 10.0.40219.1
Project("{9A19103F-16F7-4668-BE54-9A1E7A4F7556}") = "SpanString", "src\SpanString.csproj", "{295B3680-BB57-4B02-B872-59E8A94A4C2D}"
EndProject
Project("{FAE04EC0-301F-11D3-BF4B-00C04F79EFBC}") = "SpanStringTests", "test\SpanStringTests.csproj", "{EF679459-FBDA-465A-AF52-323BA9CABD41}"
EndProject
Global
	GlobalSection(SolutionConfigurationPlatforms) = preSolution
		Debug|Any CPU = Debug|Any CPU
		Release|Any CPU = Release|Any CPU
	EndGlobalSection
	GlobalSection(ProjectConfigurationPlatforms) = postSolution
		{295B3680-BB57-4B02-B872-59E8A94A4C2D}.Debug|Any CPU.ActiveCfg = Debug|Any CPU
		{295B3680-BB57-4B02-B872-59E8A94A4C2D}.Debug|Any CPU.Build.0 = Debug|Any CPU
		{295B3680-BB57-4B02-B872-59E8A94A4C2D}.Release|Any CPU.ActiveCfg = Release|Any CPU
		{295B3680-BB57-4B02-B872-59E8A94A4C2D}.Release|Any CPU.Build.0 = Release|Any CPU
		{EF679459-FBDA-465A-AF52-323BA9CABD41}.Debug|Any CPU.ActiveCfg = Debug|Any CPU
		{EF679459-FBDA-465A-AF52-323BA9CABD41}.Debug|Any CPU.Build.0 = Debug|Any CPU
		{EF679459-FBDA-465A-AF52-323BA9CABD41}.Release|Any CPU.ActiveCfg = Release|Any CPU
		{EF679459-FBDA-465A-AF52-323BA9CABD41}.Release|Any CPU.Build.0 = Release|Any CPU
	EndGlobalSection
	GlobalSection(SolutionProperties) = preSolution
		HideSolutionNode = FALSE
	EndGlobalSection
	GlobalSection(ExtensibilityGlobals) = postSolution
		SolutionGuid = {B4B948E3-CA58-4005-ACA9-FBD6B5952F89}
	EndGlobalSection
EndGlobal
